<?xml version="1.0" encoding="utf-8"?>
<Project ToolsVersion="4.0" xmlns="http://schemas.microsoft.com/developer/msbuild/2003">
  <ItemGroup>
    <Filter Include="Source Files">
      <UniqueIdentifier>{4FC737F1-C7A5-4376-A066-2A32D752A2FF}</UniqueIdentifier>
      <Extensions>cpp;c;cc;cxx;def;odl;idl;hpj;bat;asm;asmx</Extensions>
    </Filter>
    <Filter Include="Header Files">
      <UniqueIdentifier>{93995380-89BD-4b04-88EB-625FBE52EBFB}</UniqueIdentifier>
      <Extensions>h;hh;hpp;hxx;hm;inl;inc;xsd</Extensions>
    </Filter>
    <Filter Include="Resource Files">
      <UniqueIdentifier>{67DA6AB6-F800-4c08-8B7A-83BB121AAD01}</UniqueIdentifier>
      <Extensions>rc;ico;cur;bmp;dlg;rc2;rct;bin;rgs;gif;jpg;jpeg;jpe;resx;tiff;tif;png;wav;mfcribbon-ms</Extensions>
    </Filter>
  </ItemGroup>
  <ItemGroup>
    <ClCompile Include="source.c">
      <Filter>Source Files</Filter>
    </ClCompile>
    <ClCompile Include="Logger\src\logger.c">
      <Filter>Source Files</Filter>
    </ClCompile>
    <ClCompile Include="Server\src\server.c">
      <Filter>Source Files</Filter>
    </ClCompile>
    <ClCompile Include="Server\src\global_data.c">
      <Filter>Source Files</Filter>
    </ClCompile>
    <ClCompile Include="Server\src\client_session.c">
      <Filter>Source Files</Filter>
    </ClCompile>
    <ClCompile Include="Server\src\thread_context.c">
      <Filter>Source Files</Filter>
    </ClCompile>
    <ClCompile Include="Helper\src\strutils.c">
      <Filter>Source Files</Filter>
    </ClCompile>
    <ClCompile Include="Utils\src\list.c">
      <Filter>Source Files</Filter>
    </ClCompile>
    <ClCompile Include="User\src\user.c">
      <Filter>Source Files</Filter>
    </ClCompile>
    <ClCompile Include="Protocols\src\protocols.c">
      <Filter>Source Files</Filter>
    </ClCompile>
    <ClCompile Include="Utils\src\concurent_queue.c">
      <Filter>Source Files</Filter>
    </ClCompile>
    <ClCompile Include="Utils\src\thread_pool.c">
      <Filter>Source Files</Filter>
    </ClCompile>
  </ItemGroup>
  <ItemGroup>
    <ClInclude Include="Logger\include\logger.h">
      <Filter>Header Files</Filter>
    </ClInclude>
    <ClInclude Include="Server\include\server.h">
      <Filter>Header Files</Filter>
    </ClInclude>
    <ClInclude Include="Server\include\global_data.h">
      <Filter>Header Files</Filter>
    </ClInclude>
    <ClInclude Include="Server\include\client_session.h">
      <Filter>Header Files</Filter>
    </ClInclude>
    <ClInclude Include="Server\include\thread_context.h">
      <Filter>Header Files</Filter>
    </ClInclude>
    <ClInclude Include="Helper\include\constants.h">
      <Filter>Header Files</Filter>
    </ClInclude>
    <ClInclude Include="Helper\include\strutils.h">
      <Filter>Header Files</Filter>
    </ClInclude>
    <ClInclude Include="Utils\include\list.h">
      <Filter>Header Files</Filter>
    </ClInclude>
    <ClInclude Include="User\include\user.h">
      <Filter>Header Files</Filter>
    </ClInclude>
    <ClInclude Include="Protocols\include\definitions.h">
      <Filter>Header Files</Filter>
    </ClInclude>
    <ClInclude Include="Utils\include\concurent_queue.h">
      <Filter>Header Files</Filter>
    </ClInclude>
    <ClInclude Include="Utils\include\thread_pool.h">
      <Filter>Header Files</Filter>
    </ClInclude>
    <ClInclude Include="Protocols\include\protocols.h">
      <Filter>Header Files</Filter>
    </ClInclude>
  </ItemGroup>
</Project>